
Microsoft Visual Studio Solution File, Format Version 12.00
# Visual Studio Version 17
VisualStudioVersion = 17.2.32616.157
MinimumVisualStudioVersion = 10.0.40219.1
Project("{FAE04EC0-301F-11D3-BF4B-00C04F79EFBC}") = "for-loop-break-continue", "for-loop-break-continue\for-loop-break-continue.csproj", "{148F57A9-BCE3-4191-9060-46DBF55EFC6A}"
EndProject
Global
	GlobalSection(SolutionConfigurationPlatforms) = preSolution
		Debug|Any CPU = Debug|Any CPU
		Release|Any CPU = Release|Any CPU
	EndGlobalSection
	GlobalSection(ProjectConfigurationPlatforms) = postSolution
		{148F57A9-BCE3-4191-9060-46DBF55EFC6A}.Debug|Any CPU.ActiveCfg = Debug|Any CPU
		{148F57A9-BCE3-4191-9060-46DBF55EFC6A}.Debug|Any CPU.Build.0 = Debug|Any CPU
		{148F57A9-BCE3-4191-9060-46DBF55EFC6A}.Release|Any CPU.ActiveCfg = Release|Any CPU
		{148F57A9-BCE3-4191-9060-46DBF55EFC6A}.Release|Any CPU.Build.0 = Release|Any CPU
	EndGlobalSection
	GlobalSection(SolutionProperties) = preSolution
		HideSolutionNode = FALSE
	EndGlobalSection
	GlobalSection(ExtensibilityGlobals) = postSolution
		SolutionGuid = {6DAAE4AC-5783-45B2-BBC6-D7E82CD2B16F}
	EndGlobalSection
EndGlobal
